
Microsoft Visual Studio Solution File, Format Version 12.00
# Visual Studio 15
Project("{FAE04EC0-301F-11D3-BF4B-00C04F79EFBC}") = "UnityEngine.UI", "UnityEngine.UI.csproj", "{6873F762-64A6-0C00-62DB-8D12122769DF}"
EndProject
Project("{FAE04EC0-301F-11D3-BF4B-00C04F79EFBC}") = "Unity.RenderPipelines.Core.Runtime", "Unity.RenderPipelines.Core.Runtime.csproj", "{F3C52D40-6879-BC18-016C-729F5943FEC8}"
EndProject
Project("{FAE04EC0-301F-11D3-BF4B-00C04F79EFBC}") = "UnityEngine.TestRunner", "UnityEngine.TestRunner.csproj", "{59870541-E2AE-661E-13F4-D6AA07DF7446}"
EndProject
Project("{FAE04EC0-301F-11D3-BF4B-00C04F79EFBC}") = "Unity.Mathematics", "Unity.Mathematics.csproj", "{0B0FB833-E97A-E4E2-D7D1-669A2EF95BB2}"
EndProject
Project("{FAE04EC0-301F-11D3-BF4B-00C04F79EFBC}") = "Unity.RenderPipelines.Universal.Runtime", "Unity.RenderPipelines.Universal.Runtime.csproj", "{B56629B4-7251-F8AC-B76F-CD4A6D29CF58}"
EndProject
Project("{FAE04EC0-301F-11D3-BF4B-00C04F79EFBC}") = "Unity.2D.Animation.Runtime", "Unity.2D.Animation.Runtime.csproj", "{4BD001E2-7107-14C2-4794-95370203755D}"
EndProject
Project("{FAE04EC0-301F-11D3-BF4B-00C04F79EFBC}") = "Unity.TextMeshPro", "Unity.TextMeshPro.csproj", "{4FE8ECBD-9FDF-8DA5-1BAA-35418A2856E6}"
EndProject
Project("{FAE04EC0-301F-11D3-BF4B-00C04F79EFBC}") = "Unity.Timeline", "Unity.Timeline.csproj", "{7330D863-86F4-22DE-5CAC-5719469C9A4F}"
EndProject
Project("{FAE04EC0-301F-11D3-BF4B-00C04F79EFBC}") = "Unity.2D.SpriteShape.Runtime", "Unity.2D.SpriteShape.Runtime.csproj", "{3A2C2B4B-E360-F2D6-F5F5-92BD2AA6289E}"
EndProject
Project("{FAE04EC0-301F-11D3-BF4B-00C04F79EFBC}") = "Unity.2D.Animation.Triangle.Runtime", "Unity.2D.Animation.Triangle.Runtime.csproj", "{6A0D9812-BE09-4ECC-05F1-03C69458A256}"
EndProject
Project("{FAE04EC0-301F-11D3-BF4B-00C04F79EFBC}") = "Assembly-CSharp", "Assembly-CSharp.csproj", "{D8699873-1568-61CB-A766-20D2191D9F52}"
EndProject
Project("{FAE04EC0-301F-11D3-BF4B-00C04F79EFBC}") = "Unity.2D.PixelPerfect", "Unity.2D.PixelPerfect.csproj", "{719D388E-FDCB-3A08-34B0-DC2977533B53}"
EndProject
Project("{FAE04EC0-301F-11D3-BF4B-00C04F79EFBC}") = "Unity.2D.IK.Runtime", "Unity.2D.IK.Runtime.csproj", "{A45165E2-7AA6-1997-C777-F6CDF70381CC}"
EndProject
Project("{FAE04EC0-301F-11D3-BF4B-00C04F79EFBC}") = "Unity.2D.Common.Runtime", "Unity.2D.Common.Runtime.csproj", "{0E100B43-12DE-4721-567E-C219EF33B14C}"
EndProject
Project("{FAE04EC0-301F-11D3-BF4B-00C04F79EFBC}") = "Unity.RenderPipelines.Core.ShaderLibrary", "Unity.RenderPipelines.Core.ShaderLibrary.csproj", "{4314A508-7712-2DE4-C23A-06F60A9B0211}"
EndProject
Project("{FAE04EC0-301F-11D3-BF4B-00C04F79EFBC}") = "Unity.InternalAPIEngineBridge.001", "Unity.InternalAPIEngineBridge.001.csproj", "{AAC2F7D6-F8A3-72ED-60B6-45CBAC518903}"
EndProject
Project("{FAE04EC0-301F-11D3-BF4B-00C04F79EFBC}") = "Unity.RenderPipeline.Universal.ShaderLibrary", "Unity.RenderPipeline.Universal.ShaderLibrary.csproj", "{A1E7E691-D292-1523-B089-BFCD5857CED6}"
EndProject
Project("{FAE04EC0-301F-11D3-BF4B-00C04F79EFBC}") = "Unity.RenderPipelines.Universal.Shaders", "Unity.RenderPipelines.Universal.Shaders.csproj", "{954340E2-212C-2A6C-1BFB-22C7694D0A6B}"
EndProject
Project("{FAE04EC0-301F-11D3-BF4B-00C04F79EFBC}") = "Unity.RenderPipelines.ShaderGraph.ShaderGraphLibrary", "Unity.RenderPipelines.ShaderGraph.ShaderGraphLibrary.csproj", "{F2E9B98A-51AE-6C02-916F-999C8EC25E5B}"
EndProject
Project("{FAE04EC0-301F-11D3-BF4B-00C04F79EFBC}") = "Unity.PlasticSCM.Editor", "Unity.PlasticSCM.Editor.csproj", "{576B3D02-ACB8-7D8A-FC1B-B9F63A2D6E1F}"
EndProject
Project("{FAE04EC0-301F-11D3-BF4B-00C04F79EFBC}") = "Unity.ShaderGraph.Editor", "Unity.ShaderGraph.Editor.csproj", "{5F100A2B-5E62-5738-2661-F7A574EFF270}"
EndProject
Project("{FAE04EC0-301F-11D3-BF4B-00C04F79EFBC}") = "Unity.VisualStudio.Editor", "Unity.VisualStudio.Editor.csproj", "{0DCE7820-32E6-F117-6A7D-16E4B6A81398}"
EndProject
Project("{FAE04EC0-301F-11D3-BF4B-00C04F79EFBC}") = "Unity.Timeline.Editor", "Unity.Timeline.Editor.csproj", "{83B12BB2-2704-3993-4FDD-5E547E8E9BB1}"
EndProject
Project("{FAE04EC0-301F-11D3-BF4B-00C04F79EFBC}") = "Unity.TextMeshPro.Editor", "Unity.TextMeshPro.Editor.csproj", "{9F9B25A1-95C8-EF20-5D2E-D3FF659B5130}"
EndProject
Project("{FAE04EC0-301F-11D3-BF4B-00C04F79EFBC}") = "Unity.2D.Animation.Editor", "Unity.2D.Animation.Editor.csproj", "{B2F42530-664B-93F7-F759-B943472A2D54}"
EndProject
Project("{FAE04EC0-301F-11D3-BF4B-00C04F79EFBC}") = "Unity.CollabProxy.Editor", "Unity.CollabProxy.Editor.csproj", "{97C6241B-70DC-2848-1DB8-346C7A45F6AB}"
EndProject
Project("{FAE04EC0-301F-11D3-BF4B-00C04F79EFBC}") = "UnityEditor.TestRunner", "UnityEditor.TestRunner.csproj", "{1392F9DE-FA9D-6513-B452-935B19F4CBFC}"
EndProject
Project("{FAE04EC0-301F-11D3-BF4B-00C04F79EFBC}") = "Unity.Rider.Editor", "Unity.Rider.Editor.csproj", "{40FA6A53-48A1-C50B-CA61-1764A79A0170}"
EndProject
Project("{FAE04EC0-301F-11D3-BF4B-00C04F79EFBC}") = "Unity.2D.Path.Editor", "Unity.2D.Path.Editor.csproj", "{95C45794-ED82-4995-0000-F5F31C9FDAC2}"
EndProject
Project("{FAE04EC0-301F-11D3-BF4B-00C04F79EFBC}") = "Unity.RenderPipelines.Universal.Editor", "Unity.RenderPipelines.Universal.Editor.csproj", "{DEB347CD-C620-4DD6-6305-BC4B4762EA69}"
EndProject
Project("{FAE04EC0-301F-11D3-BF4B-00C04F79EFBC}") = "Unity.Services.Core.Editor", "Unity.Services.Core.Editor.csproj", "{C6DDD55E-2698-BD43-4D6E-D642D3A986F0}"
EndProject
Project("{FAE04EC0-301F-11D3-BF4B-00C04F79EFBC}") = "PsdPlugin", "PsdPlugin.csproj", "{EA69078C-D2DD-09E5-729D-BCCA597C297D}"
EndProject
Project("{FAE04EC0-301F-11D3-BF4B-00C04F79EFBC}") = "Unity.RenderPipelines.Core.Editor", "Unity.RenderPipelines.Core.Editor.csproj", "{735C0533-12C5-1F10-5503-F37191CE42FD}"
EndProject
Project("{FAE04EC0-301F-11D3-BF4B-00C04F79EFBC}") = "Unity.2D.IK.Editor", "Unity.2D.IK.Editor.csproj", "{964F1F1F-35E5-E2EE-0B4C-A19AA8ED8BFE}"
EndProject
Project("{FAE04EC0-301F-11D3-BF4B-00C04F79EFBC}") = "Unity.Searcher.Editor", "Unity.Searcher.Editor.csproj", "{BB3D254A-EEDD-2D4A-650E-8571BB184463}"
EndProject
Project("{FAE04EC0-301F-11D3-BF4B-00C04F79EFBC}") = "Unity.2D.Psdimporter.Editor", "Unity.2D.Psdimporter.Editor.csproj", "{816E243B-2328-39B1-2C26-28951EF17154}"
EndProject
Project("{FAE04EC0-301F-11D3-BF4B-00C04F79EFBC}") = "Unity.2D.SpriteShape.Editor", "Unity.2D.SpriteShape.Editor.csproj", "{810C9314-F2BA-6EF1-471B-D5391FA42A4D}"
EndProject
Project("{FAE04EC0-301F-11D3-BF4B-00C04F79EFBC}") = "Unity.2D.Tilemap.Editor", "Unity.2D.Tilemap.Editor.csproj", "{FC014426-6B6B-4283-CDC5-CBC6AA09980F}"
EndProject
Project("{FAE04EC0-301F-11D3-BF4B-00C04F79EFBC}") = "Unity.2D.PixelPerfect.Editor", "Unity.2D.PixelPerfect.Editor.csproj", "{D44C192E-FD7B-FC25-77E3-066809763F6B}"
EndProject
Project("{FAE04EC0-301F-11D3-BF4B-00C04F79EFBC}") = "Unity.VSCode.Editor", "Unity.VSCode.Editor.csproj", "{DD2E2649-AD28-136F-7CB0-61CA245C59C2}"
EndProject
Project("{FAE04EC0-301F-11D3-BF4B-00C04F79EFBC}") = "Unity.2D.Sprite.Editor", "Unity.2D.Sprite.Editor.csproj", "{02C2A108-265C-9984-30E1-6917E274D1C8}"
EndProject
Project("{FAE04EC0-301F-11D3-BF4B-00C04F79EFBC}") = "UnityEditor.UI", "UnityEditor.UI.csproj", "{05CE8923-519A-1B67-39AB-A9C21520BA15}"
EndProject
Project("{FAE04EC0-301F-11D3-BF4B-00C04F79EFBC}") = "Unity.Mathematics.Editor", "Unity.Mathematics.Editor.csproj", "{F256ECE6-E298-E5E0-9048-50DEE712AFEA}"
EndProject
Project("{FAE04EC0-301F-11D3-BF4B-00C04F79EFBC}") = "Unity.2D.Common.Editor", "Unity.2D.Common.Editor.csproj", "{915134A3-9D73-E298-9E33-B52DFBA3FB68}"
EndProject
Project("{FAE04EC0-301F-11D3-BF4B-00C04F79EFBC}") = "Unity.InternalAPIEditorBridge.001", "Unity.InternalAPIEditorBridge.001.csproj", "{574B3544-F151-1453-205F-D1FE2FA2E355}"
EndProject
Project("{FAE04EC0-301F-11D3-BF4B-00C04F79EFBC}") = "Unity.ShaderGraph.Utilities", "Unity.ShaderGraph.Utilities.csproj", "{4E18E445-AF02-DC68-A0D9-20CD323F36BB}"
EndProject
Global
	GlobalSection(SolutionConfigurationPlatforms) = preSolution
		Debug|Any CPU = Debug|Any CPU
		Release|Any CPU = Release|Any CPU
	EndGlobalSection
	GlobalSection(ProjectConfigurationPlatforms) = postSolution
		{6873F762-64A6-0C00-62DB-8D12122769DF}.Debug|Any CPU.ActiveCfg = Debug|Any CPU
		{6873F762-64A6-0C00-62DB-8D12122769DF}.Debug|Any CPU.Build.0 = Debug|Any CPU
		{6873F762-64A6-0C00-62DB-8D12122769DF}.Release|Any CPU.ActiveCfg = Release|Any CPU
		{6873F762-64A6-0C00-62DB-8D12122769DF}.Release|Any CPU.Build.0 = Release|Any CPU
		{F3C52D40-6879-BC18-016C-729F5943FEC8}.Debug|Any CPU.ActiveCfg = Debug|Any CPU
		{F3C52D40-6879-BC18-016C-729F5943FEC8}.Debug|Any CPU.Build.0 = Debug|Any CPU
		{F3C52D40-6879-BC18-016C-729F5943FEC8}.Release|Any CPU.ActiveCfg = Release|Any CPU
		{F3C52D40-6879-BC18-016C-729F5943FEC8}.Release|Any CPU.Build.0 = Release|Any CPU
		{59870541-E2AE-661E-13F4-D6AA07DF7446}.Debug|Any CPU.ActiveCfg = Debug|Any CPU
		{59870541-E2AE-661E-13F4-D6AA07DF7446}.Debug|Any CPU.Build.0 = Debug|Any CPU
		{59870541-E2AE-661E-13F4-D6AA07DF7446}.Release|Any CPU.ActiveCfg = Release|Any CPU
		{59870541-E2AE-661E-13F4-D6AA07DF7446}.Release|Any CPU.Build.0 = Release|Any CPU
		{0B0FB833-E97A-E4E2-D7D1-669A2EF95BB2}.Debug|Any CPU.ActiveCfg = Debug|Any CPU
		{0B0FB833-E97A-E4E2-D7D1-669A2EF95BB2}.Debug|Any CPU.Build.0 = Debug|Any CPU
		{0B0FB833-E97A-E4E2-D7D1-669A2EF95BB2}.Release|Any CPU.ActiveCfg = Release|Any CPU
		{0B0FB833-E97A-E4E2-D7D1-669A2EF95BB2}.Release|Any CPU.Build.0 = Release|Any CPU
		{B56629B4-7251-F8AC-B76F-CD4A6D29CF58}.Debug|Any CPU.ActiveCfg = Debug|Any CPU
		{B56629B4-7251-F8AC-B76F-CD4A6D29CF58}.Debug|Any CPU.Build.0 = Debug|Any CPU
		{B56629B4-7251-F8AC-B76F-CD4A6D29CF58}.Release|Any CPU.ActiveCfg = Release|Any CPU
		{B56629B4-7251-F8AC-B76F-CD4A6D29CF58}.Release|Any CPU.Build.0 = Release|Any CPU
		{4BD001E2-7107-14C2-4794-95370203755D}.Debug|Any CPU.ActiveCfg = Debug|Any CPU
		{4BD001E2-7107-14C2-4794-95370203755D}.Debug|Any CPU.Build.0 = Debug|Any CPU
		{4BD001E2-7107-14C2-4794-95370203755D}.Release|Any CPU.ActiveCfg = Release|Any CPU
		{4BD001E2-7107-14C2-4794-95370203755D}.Release|Any CPU.Build.0 = Release|Any CPU
		{4FE8ECBD-9FDF-8DA5-1BAA-35418A2856E6}.Debug|Any CPU.ActiveCfg = Debug|Any CPU
		{4FE8ECBD-9FDF-8DA5-1BAA-35418A2856E6}.Debug|Any CPU.Build.0 = Debug|Any CPU
		{4FE8ECBD-9FDF-8DA5-1BAA-35418A2856E6}.Release|Any CPU.ActiveCfg = Release|Any CPU
		{4FE8ECBD-9FDF-8DA5-1BAA-35418A2856E6}.Release|Any CPU.Build.0 = Release|Any CPU
		{7330D863-86F4-22DE-5CAC-5719469C9A4F}.Debug|Any CPU.ActiveCfg = Debug|Any CPU
		{7330D863-86F4-22DE-5CAC-5719469C9A4F}.Debug|Any CPU.Build.0 = Debug|Any CPU
		{7330D863-86F4-22DE-5CAC-5719469C9A4F}.Release|Any CPU.ActiveCfg = Release|Any CPU
		{7330D863-86F4-22DE-5CAC-5719469C9A4F}.Release|Any CPU.Build.0 = Release|Any CPU
		{3A2C2B4B-E360-F2D6-F5F5-92BD2AA6289E}.Debug|Any CPU.ActiveCfg = Debug|Any CPU
		{3A2C2B4B-E360-F2D6-F5F5-92BD2AA6289E}.Debug|Any CPU.Build.0 = Debug|Any CPU
		{3A2C2B4B-E360-F2D6-F5F5-92BD2AA6289E}.Release|Any CPU.ActiveCfg = Release|Any CPU
		{3A2C2B4B-E360-F2D6-F5F5-92BD2AA6289E}.Release|Any CPU.Build.0 = Release|Any CPU
		{6A0D9812-BE09-4ECC-05F1-03C69458A256}.Debug|Any CPU.ActiveCfg = Debug|Any CPU
		{6A0D9812-BE09-4ECC-05F1-03C69458A256}.Debug|Any CPU.Build.0 = Debug|Any CPU
		{6A0D9812-BE09-4ECC-05F1-03C69458A256}.Release|Any CPU.ActiveCfg = Release|Any CPU
		{6A0D9812-BE09-4ECC-05F1-03C69458A256}.Release|Any CPU.Build.0 = Release|Any CPU
		{D8699873-1568-61CB-A766-20D2191D9F52}.Debug|Any CPU.ActiveCfg = Debug|Any CPU
		{D8699873-1568-61CB-A766-20D2191D9F52}.Debug|Any CPU.Build.0 = Debug|Any CPU
		{D8699873-1568-61CB-A766-20D2191D9F52}.Release|Any CPU.ActiveCfg = Release|Any CPU
		{D8699873-1568-61CB-A766-20D2191D9F52}.Release|Any CPU.Build.0 = Release|Any CPU
		{719D388E-FDCB-3A08-34B0-DC2977533B53}.Debug|Any CPU.ActiveCfg = Debug|Any CPU
		{719D388E-FDCB-3A08-34B0-DC2977533B53}.Debug|Any CPU.Build.0 = Debug|Any CPU
		{719D388E-FDCB-3A08-34B0-DC2977533B53}.Release|Any CPU.ActiveCfg = Release|Any CPU
		{719D388E-FDCB-3A08-34B0-DC2977533B53}.Release|Any CPU.Build.0 = Release|Any CPU
		{A45165E2-7AA6-1997-C777-F6CDF70381CC}.Debug|Any CPU.ActiveCfg = Debug|Any CPU
		{A45165E2-7AA6-1997-C777-F6CDF70381CC}.Debug|Any CPU.Build.0 = Debug|Any CPU
		{A45165E2-7AA6-1997-C777-F6CDF70381CC}.Release|Any CPU.ActiveCfg = Release|Any CPU
		{A45165E2-7AA6-1997-C777-F6CDF70381CC}.Release|Any CPU.Build.0 = Release|Any CPU
		{0E100B43-12DE-4721-567E-C219EF33B14C}.Debug|Any CPU.ActiveCfg = Debug|Any CPU
		{0E100B43-12DE-4721-567E-C219EF33B14C}.Debug|Any CPU.Build.0 = Debug|Any CPU
		{0E100B43-12DE-4721-567E-C219EF33B14C}.Release|Any CPU.ActiveCfg = Release|Any CPU
		{0E100B43-12DE-4721-567E-C219EF33B14C}.Release|Any CPU.Build.0 = Release|Any CPU
		{4314A508-7712-2DE4-C23A-06F60A9B0211}.Debug|Any CPU.ActiveCfg = Debug|Any CPU
		{4314A508-7712-2DE4-C23A-06F60A9B0211}.Debug|Any CPU.Build.0 = Debug|Any CPU
		{4314A508-7712-2DE4-C23A-06F60A9B0211}.Release|Any CPU.ActiveCfg = Release|Any CPU
		{4314A508-7712-2DE4-C23A-06F60A9B0211}.Release|Any CPU.Build.0 = Release|Any CPU
		{AAC2F7D6-F8A3-72ED-60B6-45CBAC518903}.Debug|Any CPU.ActiveCfg = Debug|Any CPU
		{AAC2F7D6-F8A3-72ED-60B6-45CBAC518903}.Debug|Any CPU.Build.0 = Debug|Any CPU
		{AAC2F7D6-F8A3-72ED-60B6-45CBAC518903}.Release|Any CPU.ActiveCfg = Release|Any CPU
		{AAC2F7D6-F8A3-72ED-60B6-45CBAC518903}.Release|Any CPU.Build.0 = Release|Any CPU
		{A1E7E691-D292-1523-B089-BFCD5857CED6}.Debug|Any CPU.ActiveCfg = Debug|Any CPU
		{A1E7E691-D292-1523-B089-BFCD5857CED6}.Debug|Any CPU.Build.0 = Debug|Any CPU
		{A1E7E691-D292-1523-B089-BFCD5857CED6}.Release|Any CPU.ActiveCfg = Release|Any CPU
		{A1E7E691-D292-1523-B089-BFCD5857CED6}.Release|Any CPU.Build.0 = Release|Any CPU
		{954340E2-212C-2A6C-1BFB-22C7694D0A6B}.Debug|Any CPU.ActiveCfg = Debug|Any CPU
		{954340E2-212C-2A6C-1BFB-22C7694D0A6B}.Debug|Any CPU.Build.0 = Debug|Any CPU
		{954340E2-212C-2A6C-1BFB-22C7694D0A6B}.Release|Any CPU.ActiveCfg = Release|Any CPU
		{954340E2-212C-2A6C-1BFB-22C7694D0A6B}.Release|Any CPU.Build.0 = Release|Any CPU
		{F2E9B98A-51AE-6C02-916F-999C8EC25E5B}.Debug|Any CPU.ActiveCfg = Debug|Any CPU
		{F2E9B98A-51AE-6C02-916F-999C8EC25E5B}.Debug|Any CPU.Build.0 = Debug|Any CPU
		{F2E9B98A-51AE-6C02-916F-999C8EC25E5B}.Release|Any CPU.ActiveCfg = Release|Any CPU
		{F2E9B98A-51AE-6C02-916F-999C8EC25E5B}.Release|Any CPU.Build.0 = Release|Any CPU
		{576B3D02-ACB8-7D8A-FC1B-B9F63A2D6E1F}.Debug|Any CPU.ActiveCfg = Debug|Any CPU
		{576B3D02-ACB8-7D8A-FC1B-B9F63A2D6E1F}.Debug|Any CPU.Build.0 = Debug|Any CPU
		{576B3D02-ACB8-7D8A-FC1B-B9F63A2D6E1F}.Release|Any CPU.ActiveCfg = Release|Any CPU
		{576B3D02-ACB8-7D8A-FC1B-B9F63A2D6E1F}.Release|Any CPU.Build.0 = Release|Any CPU
		{5F100A2B-5E62-5738-2661-F7A574EFF270}.Debug|Any CPU.ActiveCfg = Debug|Any CPU
		{5F100A2B-5E62-5738-2661-F7A574EFF270}.Debug|Any CPU.Build.0 = Debug|Any CPU
		{5F100A2B-5E62-5738-2661-F7A574EFF270}.Release|Any CPU.ActiveCfg = Release|Any CPU
		{5F100A2B-5E62-5738-2661-F7A574EFF270}.Release|Any CPU.Build.0 = Release|Any CPU
		{0DCE7820-32E6-F117-6A7D-16E4B6A81398}.Debug|Any CPU.ActiveCfg = Debug|Any CPU
		{0DCE7820-32E6-F117-6A7D-16E4B6A81398}.Debug|Any CPU.Build.0 = Debug|Any CPU
		{0DCE7820-32E6-F117-6A7D-16E4B6A81398}.Release|Any CPU.ActiveCfg = Release|Any CPU
		{0DCE7820-32E6-F117-6A7D-16E4B6A81398}.Release|Any CPU.Build.0 = Release|Any CPU
		{83B12BB2-2704-3993-4FDD-5E547E8E9BB1}.Debug|Any CPU.ActiveCfg = Debug|Any CPU
		{83B12BB2-2704-3993-4FDD-5E547E8E9BB1}.Debug|Any CPU.Build.0 = Debug|Any CPU
		{83B12BB2-2704-3993-4FDD-5E547E8E9BB1}.Release|Any CPU.ActiveCfg = Release|Any CPU
		{83B12BB2-2704-3993-4FDD-5E547E8E9BB1}.Release|Any CPU.Build.0 = Release|Any CPU
		{9F9B25A1-95C8-EF20-5D2E-D3FF659B5130}.Debug|Any CPU.ActiveCfg = Debug|Any CPU
		{9F9B25A1-95C8-EF20-5D2E-D3FF659B5130}.Debug|Any CPU.Build.0 = Debug|Any CPU
		{9F9B25A1-95C8-EF20-5D2E-D3FF659B5130}.Release|Any CPU.ActiveCfg = Release|Any CPU
		{9F9B25A1-95C8-EF20-5D2E-D3FF659B5130}.Release|Any CPU.Build.0 = Release|Any CPU
		{B2F42530-664B-93F7-F759-B943472A2D54}.Debug|Any CPU.ActiveCfg = Debug|Any CPU
		{B2F42530-664B-93F7-F759-B943472A2D54}.Debug|Any CPU.Build.0 = Debug|Any CPU
		{B2F42530-664B-93F7-F759-B943472A2D54}.Release|Any CPU.ActiveCfg = Release|Any CPU
		{B2F42530-664B-93F7-F759-B943472A2D54}.Release|Any CPU.Build.0 = Release|Any CPU
		{97C6241B-70DC-2848-1DB8-346C7A45F6AB}.Debug|Any CPU.ActiveCfg = Debug|Any CPU
		{97C6241B-70DC-2848-1DB8-346C7A45F6AB}.Debug|Any CPU.Build.0 = Debug|Any CPU
		{97C6241B-70DC-2848-1DB8-346C7A45F6AB}.Release|Any CPU.ActiveCfg = Release|Any CPU
		{97C6241B-70DC-2848-1DB8-346C7A45F6AB}.Release|Any CPU.Build.0 = Release|Any CPU
		{1392F9DE-FA9D-6513-B452-935B19F4CBFC}.Debug|Any CPU.ActiveCfg = Debug|Any CPU
		{1392F9DE-FA9D-6513-B452-935B19F4CBFC}.Debug|Any CPU.Build.0 = Debug|Any CPU
		{1392F9DE-FA9D-6513-B452-935B19F4CBFC}.Release|Any CPU.ActiveCfg = Release|Any CPU
		{1392F9DE-FA9D-6513-B452-935B19F4CBFC}.Release|Any CPU.Build.0 = Release|Any CPU
		{40FA6A53-48A1-C50B-CA61-1764A79A0170}.Debug|Any CPU.ActiveCfg = Debug|Any CPU
		{40FA6A53-48A1-C50B-CA61-1764A79A0170}.Debug|Any CPU.Build.0 = Debug|Any CPU
		{40FA6A53-48A1-C50B-CA61-1764A79A0170}.Release|Any CPU.ActiveCfg = Release|Any CPU
		{40FA6A53-48A1-C50B-CA61-1764A79A0170}.Release|Any CPU.Build.0 = Release|Any CPU
		{95C45794-ED82-4995-0000-F5F31C9FDAC2}.Debug|Any CPU.ActiveCfg = Debug|Any CPU
		{95C45794-ED82-4995-0000-F5F31C9FDAC2}.Debug|Any CPU.Build.0 = Debug|Any CPU
		{95C45794-ED82-4995-0000-F5F31C9FDAC2}.Release|Any CPU.ActiveCfg = Release|Any CPU
		{95C45794-ED82-4995-0000-F5F31C9FDAC2}.Release|Any CPU.Build.0 = Release|Any CPU
		{DEB347CD-C620-4DD6-6305-BC4B4762EA69}.Debug|Any CPU.ActiveCfg = Debug|Any CPU
		{DEB347CD-C620-4DD6-6305-BC4B4762EA69}.Debug|Any CPU.Build.0 = Debug|Any CPU
		{DEB347CD-C620-4DD6-6305-BC4B4762EA69}.Release|Any CPU.ActiveCfg = Release|Any CPU
		{DEB347CD-C620-4DD6-6305-BC4B4762EA69}.Release|Any CPU.Build.0 = Release|Any CPU
		{C6DDD55E-2698-BD43-4D6E-D642D3A986F0}.Debug|Any CPU.ActiveCfg = Debug|Any CPU
		{C6DDD55E-2698-BD43-4D6E-D642D3A986F0}.Debug|Any CPU.Build.0 = Debug|Any CPU
		{C6DDD55E-2698-BD43-4D6E-D642D3A986F0}.Release|Any CPU.ActiveCfg = Release|Any CPU
		{C6DDD55E-2698-BD43-4D6E-D642D3A986F0}.Release|Any CPU.Build.0 = Release|Any CPU
		{EA69078C-D2DD-09E5-729D-BCCA597C297D}.Debug|Any CPU.ActiveCfg = Debug|Any CPU
		{EA69078C-D2DD-09E5-729D-BCCA597C297D}.Debug|Any CPU.Build.0 = Debug|Any CPU
		{EA69078C-D2DD-09E5-729D-BCCA597C297D}.Release|Any CPU.ActiveCfg = Release|Any CPU
		{EA69078C-D2DD-09E5-729D-BCCA597C297D}.Release|Any CPU.Build.0 = Release|Any CPU
		{735C0533-12C5-1F10-5503-F37191CE42FD}.Debug|Any CPU.ActiveCfg = Debug|Any CPU
		{735C0533-12C5-1F10-5503-F37191CE42FD}.Debug|Any CPU.Build.0 = Debug|Any CPU
		{735C0533-12C5-1F10-5503-F37191CE42FD}.Release|Any CPU.ActiveCfg = Release|Any CPU
		{735C0533-12C5-1F10-5503-F37191CE42FD}.Release|Any CPU.Build.0 = Release|Any CPU
		{964F1F1F-35E5-E2EE-0B4C-A19AA8ED8BFE}.Debug|Any CPU.ActiveCfg = Debug|Any CPU
		{964F1F1F-35E5-E2EE-0B4C-A19AA8ED8BFE}.Debug|Any CPU.Build.0 = Debug|Any CPU
		{964F1F1F-35E5-E2EE-0B4C-A19AA8ED8BFE}.Release|Any CPU.ActiveCfg = Release|Any CPU
		{964F1F1F-35E5-E2EE-0B4C-A19AA8ED8BFE}.Release|Any CPU.Build.0 = Release|Any CPU
		{BB3D254A-EEDD-2D4A-650E-8571BB184463}.Debug|Any CPU.ActiveCfg = Debug|Any CPU
		{BB3D254A-EEDD-2D4A-650E-8571BB184463}.Debug|Any CPU.Build.0 = Debug|Any CPU
		{BB3D254A-EEDD-2D4A-650E-8571BB184463}.Release|Any CPU.ActiveCfg = Release|Any CPU
		{BB3D254A-EEDD-2D4A-650E-8571BB184463}.Release|Any CPU.Build.0 = Release|Any CPU
		{816E243B-2328-39B1-2C26-28951EF17154}.Debug|Any CPU.ActiveCfg = Debug|Any CPU
		{816E243B-2328-39B1-2C26-28951EF17154}.Debug|Any CPU.Build.0 = Debug|Any CPU
		{816E243B-2328-39B1-2C26-28951EF17154}.Release|Any CPU.ActiveCfg = Release|Any CPU
		{816E243B-2328-39B1-2C26-28951EF17154}.Release|Any CPU.Build.0 = Release|Any CPU
		{810C9314-F2BA-6EF1-471B-D5391FA42A4D}.Debug|Any CPU.ActiveCfg = Debug|Any CPU
		{810C9314-F2BA-6EF1-471B-D5391FA42A4D}.Debug|Any CPU.Build.0 = Debug|Any CPU
		{810C9314-F2BA-6EF1-471B-D5391FA42A4D}.Release|Any CPU.ActiveCfg = Release|Any CPU
		{810C9314-F2BA-6EF1-471B-D5391FA42A4D}.Release|Any CPU.Build.0 = Release|Any CPU
		{FC014426-6B6B-4283-CDC5-CBC6AA09980F}.Debug|Any CPU.ActiveCfg = Debug|Any CPU
		{FC014426-6B6B-4283-CDC5-CBC6AA09980F}.Debug|Any CPU.Build.0 = Debug|Any CPU
		{FC014426-6B6B-4283-CDC5-CBC6AA09980F}.Release|Any CPU.ActiveCfg = Release|Any CPU
		{FC014426-6B6B-4283-CDC5-CBC6AA09980F}.Release|Any CPU.Build.0 = Release|Any CPU
		{D44C192E-FD7B-FC25-77E3-066809763F6B}.Debug|Any CPU.ActiveCfg = Debug|Any CPU
		{D44C192E-FD7B-FC25-77E3-066809763F6B}.Debug|Any CPU.Build.0 = Debug|Any CPU
		{D44C192E-FD7B-FC25-77E3-066809763F6B}.Release|Any CPU.ActiveCfg = Release|Any CPU
		{D44C192E-FD7B-FC25-77E3-066809763F6B}.Release|Any CPU.Build.0 = Release|Any CPU
		{DD2E2649-AD28-136F-7CB0-61CA245C59C2}.Debug|Any CPU.ActiveCfg = Debug|Any CPU
		{DD2E2649-AD28-136F-7CB0-61CA245C59C2}.Debug|Any CPU.Build.0 = Debug|Any CPU
		{DD2E2649-AD28-136F-7CB0-61CA245C59C2}.Release|Any CPU.ActiveCfg = Release|Any CPU
		{DD2E2649-AD28-136F-7CB0-61CA245C59C2}.Release|Any CPU.Build.0 = Release|Any CPU
		{02C2A108-265C-9984-30E1-6917E274D1C8}.Debug|Any CPU.ActiveCfg = Debug|Any CPU
		{02C2A108-265C-9984-30E1-6917E274D1C8}.Debug|Any CPU.Build.0 = Debug|Any CPU
		{02C2A108-265C-9984-30E1-6917E274D1C8}.Release|Any CPU.ActiveCfg = Release|Any CPU
		{02C2A108-265C-9984-30E1-6917E274D1C8}.Release|Any CPU.Build.0 = Release|Any CPU
		{05CE8923-519A-1B67-39AB-A9C21520BA15}.Debug|Any CPU.ActiveCfg = Debug|Any CPU
		{05CE8923-519A-1B67-39AB-A9C21520BA15}.Debug|Any CPU.Build.0 = Debug|Any CPU
		{05CE8923-519A-1B67-39AB-A9C21520BA15}.Release|Any CPU.ActiveCfg = Release|Any CPU
		{05CE8923-519A-1B67-39AB-A9C21520BA15}.Release|Any CPU.Build.0 = Release|Any CPU
		{F256ECE6-E298-E5E0-9048-50DEE712AFEA}.Debug|Any CPU.ActiveCfg = Debug|Any CPU
		{F256ECE6-E298-E5E0-9048-50DEE712AFEA}.Debug|Any CPU.Build.0 = Debug|Any CPU
		{F256ECE6-E298-E5E0-9048-50DEE712AFEA}.Release|Any CPU.ActiveCfg = Release|Any CPU
		{F256ECE6-E298-E5E0-9048-50DEE712AFEA}.Release|Any CPU.Build.0 = Release|Any CPU
		{915134A3-9D73-E298-9E33-B52DFBA3FB68}.Debug|Any CPU.ActiveCfg = Debug|Any CPU
		{915134A3-9D73-E298-9E33-B52DFBA3FB68}.Debug|Any CPU.Build.0 = Debug|Any CPU
		{915134A3-9D73-E298-9E33-B52DFBA3FB68}.Release|Any CPU.ActiveCfg = Release|Any CPU
		{915134A3-9D73-E298-9E33-B52DFBA3FB68}.Release|Any CPU.Build.0 = Release|Any CPU
		{574B3544-F151-1453-205F-D1FE2FA2E355}.Debug|Any CPU.ActiveCfg = Debug|Any CPU
		{574B3544-F151-1453-205F-D1FE2FA2E355}.Debug|Any CPU.Build.0 = Debug|Any CPU
		{574B3544-F151-1453-205F-D1FE2FA2E355}.Release|Any CPU.ActiveCfg = Release|Any CPU
		{574B3544-F151-1453-205F-D1FE2FA2E355}.Release|Any CPU.Build.0 = Release|Any CPU
		{4E18E445-AF02-DC68-A0D9-20CD323F36BB}.Debug|Any CPU.ActiveCfg = Debug|Any CPU
		{4E18E445-AF02-DC68-A0D9-20CD323F36BB}.Debug|Any CPU.Build.0 = Debug|Any CPU
		{4E18E445-AF02-DC68-A0D9-20CD323F36BB}.Release|Any CPU.ActiveCfg = Release|Any CPU
		{4E18E445-AF02-DC68-A0D9-20CD323F36BB}.Release|Any CPU.Build.0 = Release|Any CPU
	EndGlobalSection
	GlobalSection(SolutionProperties) = preSolution
		HideSolutionNode = FALSE
	EndGlobalSection
EndGlobal
